
Microsoft Visual Studio Solution File, Format Version 12.00
# Visual Studio Version 17
VisualStudioVersion = 17.12.35707.178
MinimumVisualStudioVersion = 10.0.40219.1
Project("{FAE04EC0-301F-11D3-BF4B-00C04F79EFBC}") = "WebAPI", "WebAPI\WebAPI.csproj", "{626734B4-8FAB-4679-BA8D-5CB9EA337A27}"
EndProject
Project("{FAE04EC0-301F-11D3-BF4B-00C04F79EFBC}") = "CulturalHeritageMVC", "CulturalHeritageMVC\CulturalHeritageMVC.csproj", "{86467FEE-1C13-4F14-AA25-BE0BB4B208D1}"
EndProject
Global
	GlobalSection(SolutionConfigurationPlatforms) = preSolution
		Debug|Any CPU = Debug|Any CPU
		Release|Any CPU = Release|Any CPU
	EndGlobalSection
	GlobalSection(ProjectConfigurationPlatforms) = postSolution
		{626734B4-8FAB-4679-BA8D-5CB9EA337A27}.Debug|Any CPU.ActiveCfg = Debug|Any CPU
		{626734B4-8FAB-4679-BA8D-5CB9EA337A27}.Debug|Any CPU.Build.0 = Debug|Any CPU
		{626734B4-8FAB-4679-BA8D-5CB9EA337A27}.Release|Any CPU.ActiveCfg = Release|Any CPU
		{626734B4-8FAB-4679-BA8D-5CB9EA337A27}.Release|Any CPU.Build.0 = Release|Any CPU
		{86467FEE-1C13-4F14-AA25-BE0BB4B208D1}.Debug|Any CPU.ActiveCfg = Debug|Any CPU
		{86467FEE-1C13-4F14-AA25-BE0BB4B208D1}.Debug|Any CPU.Build.0 = Debug|Any CPU
		{86467FEE-1C13-4F14-AA25-BE0BB4B208D1}.Release|Any CPU.ActiveCfg = Release|Any CPU
		{86467FEE-1C13-4F14-AA25-BE0BB4B208D1}.Release|Any CPU.Build.0 = Release|Any CPU
	EndGlobalSection
	GlobalSection(SolutionProperties) = preSolution
		HideSolutionNode = FALSE
	EndGlobalSection
EndGlobal
